<?xml version="1.0" encoding="utf-8"?>
<Project ToolsVersion="4.0" xmlns="http://schemas.microsoft.com/developer/msbuild/2003">
  <ItemGroup>
    <Filter Include="win32">
      <UniqueIdentifier>{84a8ebd7-7cf0-47f6-b75e-d441df67da40}</UniqueIdentifier>
    </Filter>
    <Filter Include="resource">
      <UniqueIdentifier>{715254bc-d70b-4ec5-bf29-467dd3ace079}</UniqueIdentifier>
    </Filter>
    <Filter Include="src">
      <UniqueIdentifier>{bb6c862e-70e9-49d9-81b7-3829a6f50471}</UniqueIdentifier>
    </Filter>
    <Filter Include="src\Field">
      <UniqueIdentifier>{6755a3e4-f3c0-4c73-a1af-75e3149d55d6}</UniqueIdentifier>
    </Filter>
    <Filter Include="src\skill">
      <UniqueIdentifier>{7ac80208-8d13-4572-84de-d279be4081bf}</UniqueIdentifier>
    </Filter>
    <Filter Include="src\character">
      <UniqueIdentifier>{03efe03f-75c4-4d3e-b82d-1999cda3c8b7}</UniqueIdentifier>
    </Filter>
    <Filter Include="src\inventory">
      <UniqueIdentifier>{1b2de235-6fe2-41ba-88a0-bf052f062ab5}</UniqueIdentifier>
    </Filter>
    <Filter Include="src\HUD">
      <UniqueIdentifier>{4dd4675b-99eb-45b3-a0d4-4c130fb78045}</UniqueIdentifier>
    </Filter>
    <Filter Include="src\tool">
      <UniqueIdentifier>{d6205382-1ddb-48b4-9b9c-3cc06df22875}</UniqueIdentifier>
    </Filter>
    <Filter Include="src\character\AI">
      <UniqueIdentifier>{74871ae6-495b-49ef-8f22-2cdc2fa553ee}</UniqueIdentifier>
    </Filter>
    <Filter Include="src\mask">
      <UniqueIdentifier>{bb73f273-9b20-4a86-9542-46682845f159}</UniqueIdentifier>
    </Filter>
    <Filter Include="src\inventory\weapon">
      <UniqueIdentifier>{e9a7b07c-ffc6-4ea1-a326-8d052e43b940}</UniqueIdentifier>
    </Filter>
    <Filter Include="src\dialogue">
      <UniqueIdentifier>{3d243ef8-b2bd-4344-adf4-aeb84e6973cf}</UniqueIdentifier>
    </Filter>
    <Filter Include="src\HUD\menuSystem">
      <UniqueIdentifier>{ff7d8308-3303-4a31-8d1c-5ee0310b2851}</UniqueIdentifier>
    </Filter>
    <Filter Include="src\HUD\menuSystem\menuItem">
      <UniqueIdentifier>{f4435139-307f-4b41-a038-4f6f190e7dc6}</UniqueIdentifier>
    </Filter>
    <Filter Include="src\HUD\menuSystem\menu">
      <UniqueIdentifier>{68a12542-3968-4b1e-9e11-9916c19b3893}</UniqueIdentifier>
    </Filter>
    <Filter Include="src\HUD\menuSystem\menu\inventoryMenu">
      <UniqueIdentifier>{7271f485-1f2d-496d-a896-c897996bbda4}</UniqueIdentifier>
    </Filter>
    <Filter Include="src\HUD\menuSystem\menuItem\trigger">
      <UniqueIdentifier>{71e59487-192c-4fe3-8932-997c723f4a59}</UniqueIdentifier>
    </Filter>
    <Filter Include="src\HUD\menuSystem\menu\equipMenu">
      <UniqueIdentifier>{72d855ff-4d14-4a41-b225-4bcf78d41009}</UniqueIdentifier>
    </Filter>
    <Filter Include="src\HUD\menuSystem\menu\groundMenu">
      <UniqueIdentifier>{1edf1825-4298-4cca-9900-d2f7cddd62c6}</UniqueIdentifier>
    </Filter>
  </ItemGroup>
  <ItemGroup>
    <ClCompile Include="main.cpp">
      <Filter>win32</Filter>
    </ClCompile>
    <ClCompile Include="..\Classes\AppDelegate.cpp">
      <Filter>src</Filter>
    </ClCompile>
    <ClCompile Include="..\Classes\RandomNumber.cpp">
      <Filter>src</Filter>
    </ClCompile>
    <ClCompile Include="..\Classes\StoreyBuilder.cpp">
      <Filter>src\Field</Filter>
    </ClCompile>
    <ClCompile Include="..\Classes\Storey.cpp">
      <Filter>src\Field</Filter>
    </ClCompile>
    <ClCompile Include="..\Classes\Dungeon.cpp">
      <Filter>src\Field</Filter>
    </ClCompile>
    <ClCompile Include="..\Classes\Debug.cpp">
      <Filter>src</Filter>
    </ClCompile>
    <ClCompile Include="..\Classes\Skill.cpp">
      <Filter>src\skill</Filter>
    </ClCompile>
    <ClCompile Include="..\Classes\Attack.cpp">
      <Filter>src\skill</Filter>
    </ClCompile>
    <ClCompile Include="..\Classes\CharacterManager.cpp">
      <Filter>src\character</Filter>
    </ClCompile>
    <ClCompile Include="..\Classes\CharacterModel.cpp">
      <Filter>src\character</Filter>
    </ClCompile>
    <ClCompile Include="..\Classes\Character.cpp">
      <Filter>src\character</Filter>
    </ClCompile>
    <ClCompile Include="..\Classes\Inventory.cpp">
      <Filter>src\inventory</Filter>
    </ClCompile>
    <ClCompile Include="..\Classes\SkillManager.cpp">
      <Filter>src\skill</Filter>
    </ClCompile>
    <ClCompile Include="..\Classes\HudLayer.cpp">
      <Filter>src\HUD</Filter>
    </ClCompile>
    <ClCompile Include="..\Classes\Player.cpp">
      <Filter>src\character</Filter>
    </ClCompile>
    <ClCompile Include="..\Classes\InventoryManager.cpp">
      <Filter>src\inventory</Filter>
    </ClCompile>
    <ClCompile Include="..\Classes\Accessory.cpp">
      <Filter>src\inventory</Filter>
    </ClCompile>
    <ClCompile Include="..\Classes\Armor.cpp">
      <Filter>src\inventory</Filter>
    </ClCompile>
    <ClCompile Include="..\Classes\Supply.cpp">
      <Filter>src\inventory</Filter>
    </ClCompile>
    <ClCompile Include="..\Classes\MonsterManager.cpp">
      <Filter>src\character</Filter>
    </ClCompile>
    <ClCompile Include="..\Classes\MonsterModel.cpp">
      <Filter>src\character</Filter>
    </ClCompile>
    <ClCompile Include="..\Classes\ToolFunction.cpp">
      <Filter>src\tool</Filter>
    </ClCompile>
    <ClCompile Include="..\Classes\AStar.cpp">
      <Filter>src\tool</Filter>
    </ClCompile>
    <ClCompile Include="..\Classes\BattleSystem.cpp">
      <Filter>src</Filter>
    </ClCompile>
    <ClCompile Include="..\Classes\HudCursor.cpp">
      <Filter>src\HUD\menuSystem</Filter>
    </ClCompile>
    <ClCompile Include="..\Classes\HudMenuSystem.cpp">
      <Filter>src\HUD\menuSystem</Filter>
    </ClCompile>
    <ClCompile Include="..\Classes\AIBase.cpp">
      <Filter>src\character\AI</Filter>
    </ClCompile>
    <ClCompile Include="..\Classes\RoundSystem.cpp">
      <Filter>src</Filter>
    </ClCompile>
    <ClCompile Include="..\Classes\AICommonEnemy.cpp">
      <Filter>src\character\AI</Filter>
    </ClCompile>
    <ClCompile Include="..\Classes\MaskLayer.cpp">
      <Filter>src\mask</Filter>
    </ClCompile>
    <ClCompile Include="..\Classes\InventoryInHand.cpp">
      <Filter>src\inventory</Filter>
    </ClCompile>
    <ClCompile Include="..\Classes\Shield.cpp">
      <Filter>src\inventory</Filter>
    </ClCompile>
    <ClCompile Include="..\Classes\LightEdge.cpp">
      <Filter>src\mask</Filter>
    </ClCompile>
    <ClCompile Include="..\Classes\OneHandWeapon.cpp">
      <Filter>src\inventory\weapon</Filter>
    </ClCompile>
    <ClCompile Include="..\Classes\TwoHandWeapon.cpp">
      <Filter>src\inventory\weapon</Filter>
    </ClCompile>
    <ClCompile Include="..\Classes\Weapon.cpp">
      <Filter>src\inventory\weapon</Filter>
    </ClCompile>
    <ClCompile Include="..\Classes\WeaponAtkArea.cpp">
      <Filter>src\inventory\weapon</Filter>
    </ClCompile>
    <ClCompile Include="..\Classes\Dialogue.cpp">
      <Filter>src\dialogue</Filter>
    </ClCompile>
    <ClCompile Include="..\Classes\Sentence.cpp">
      <Filter>src\dialogue</Filter>
    </ClCompile>
    <ClCompile Include="..\Classes\Statement.cpp">
      <Filter>src\dialogue</Filter>
    </ClCompile>
    <ClCompile Include="..\Classes\Question.cpp">
      <Filter>src\dialogue</Filter>
    </ClCompile>
    <ClCompile Include="..\Classes\DialogueDriver.cpp">
      <Filter>src\dialogue</Filter>
    </ClCompile>
    <ClCompile Include="..\Classes\KeyController.cpp">
      <Filter>src</Filter>
    </ClCompile>
    <ClCompile Include="..\Classes\DialogueManager.cpp">
      <Filter>src\dialogue</Filter>
    </ClCompile>
    <ClCompile Include="..\Classes\OptionCheckMenu.cpp">
      <Filter>src\dialogue</Filter>
    </ClCompile>
    <ClCompile Include="..\Classes\DialogueSystem.cpp">
      <Filter>src\dialogue</Filter>
    </ClCompile>
    <ClCompile Include="..\Classes\InventoryHandler.cpp">
      <Filter>src\inventory</Filter>
    </ClCompile>
    <ClCompile Include="..\Classes\HudMenu.cpp">
      <Filter>src\HUD\menuSystem\menu</Filter>
    </ClCompile>
    <ClCompile Include="..\Classes\HudInventoryMenu.cpp">
      <Filter>src\HUD\menuSystem\menu\inventoryMenu</Filter>
    </ClCompile>
    <ClCompile Include="..\Classes\HudMenuItem.cpp">
      <Filter>src\HUD\menuSystem\menuItem</Filter>
    </ClCompile>
    <ClCompile Include="..\Classes\HudTrigActChildMenu.cpp">
      <Filter>src\HUD\menuSystem\menuItem\trigger</Filter>
    </ClCompile>
    <ClCompile Include="..\Classes\XMLConfigure.cpp">
      <Filter>src</Filter>
    </ClCompile>
    <ClCompile Include="..\Classes\HudLayout.cpp">
      <Filter>src\HUD</Filter>
    </ClCompile>
    <ClCompile Include="..\Classes\HudEquipableInventoryMenu.cpp">
      <Filter>src\HUD\menuSystem\menu\inventoryMenu</Filter>
    </ClCompile>
    <ClCompile Include="..\Classes\HudEquipMenu.cpp">
      <Filter>src\HUD\menuSystem\menu\equipMenu</Filter>
    </ClCompile>
    <ClCompile Include="..\Classes\HudTrigger.cpp">
      <Filter>src\HUD\menuSystem\menuItem\trigger</Filter>
    </ClCompile>
    <ClCompile Include="..\Classes\HudMainMenu.cpp">
      <Filter>src\HUD\menuSystem\menu</Filter>
    </ClCompile>
    <ClCompile Include="..\Classes\HudTrigEquipLeft.cpp">
      <Filter>src\HUD\menuSystem\menuItem\trigger</Filter>
    </ClCompile>
    <ClCompile Include="..\Classes\HudTrigEquipRight.cpp">
      <Filter>src\HUD\menuSystem\menuItem\trigger</Filter>
    </ClCompile>
    <ClCompile Include="..\Classes\HudTrigUnequipLeft.cpp">
      <Filter>src\HUD\menuSystem\menuItem\trigger</Filter>
    </ClCompile>
    <ClCompile Include="..\Classes\HudPlayerStateMenu.cpp">
      <Filter>src\HUD</Filter>
    </ClCompile>
    <ClCompile Include="..\Classes\HudUnequipLeftMenu.cpp">
      <Filter>src\HUD\menuSystem\menu\equipMenu</Filter>
    </ClCompile>
    <ClCompile Include="..\Classes\HudTrigUnequipRight.cpp">
      <Filter>src\HUD\menuSystem\menuItem\trigger</Filter>
    </ClCompile>
    <ClCompile Include="..\Classes\HudUnequipRightMenu.cpp">
      <Filter>src\HUD\menuSystem\menu\equipMenu</Filter>
    </ClCompile>
    <ClCompile Include="..\Classes\MainLayer.cpp">
      <Filter>src</Filter>
    </ClCompile>
    <ClCompile Include="..\Classes\HudTrigDrop.cpp">
      <Filter>src\HUD\menuSystem\menuItem\trigger</Filter>
    </ClCompile>
    <ClCompile Include="..\Classes\StoreyInventoryHandler.cpp">
      <Filter>src\inventory</Filter>
    </ClCompile>
    <ClCompile Include="..\Classes\HudGroundMenu.cpp">
      <Filter>src\HUD\menuSystem\menu\groundMenu</Filter>
    </ClCompile>
    <ClCompile Include="..\Classes\HudGroundInventoryMenu.cpp" />
    <ClCompile Include="..\Classes\HudTrigPick.cpp" />
  </ItemGroup>
  <ItemGroup>
    <ClInclude Include="main.h">
      <Filter>win32</Filter>
    </ClInclude>
    <ClInclude Include="..\Classes\AppDelegate.h">
      <Filter>src</Filter>
    </ClInclude>
    <ClInclude Include="..\Classes\Singleton.h">
      <Filter>src</Filter>
    </ClInclude>
    <ClInclude Include="..\Classes\RandomNumber.h">
      <Filter>src</Filter>
    </ClInclude>
    <ClInclude Include="..\Classes\StoreyBuilder.h">
      <Filter>src\Field</Filter>
    </ClInclude>
    <ClInclude Include="..\Classes\Storey.h">
      <Filter>src\Field</Filter>
    </ClInclude>
    <ClInclude Include="..\Classes\FieldEnum.h">
      <Filter>src\Field</Filter>
    </ClInclude>
    <ClInclude Include="..\Classes\Dungeon.h">
      <Filter>src\Field</Filter>
    </ClInclude>
    <ClInclude Include="..\Classes\Debug.h">
      <Filter>src</Filter>
    </ClInclude>
    <ClInclude Include="..\Classes\Skill.h">
      <Filter>src\skill</Filter>
    </ClInclude>
    <ClInclude Include="..\Classes\Attack.h">
      <Filter>src\skill</Filter>
    </ClInclude>
    <ClInclude Include="..\Classes\CharacterManager.h">
      <Filter>src\character</Filter>
    </ClInclude>
    <ClInclude Include="..\Classes\CharacterModel.h">
      <Filter>src\character</Filter>
    </ClInclude>
    <ClInclude Include="..\Classes\Character.h">
      <Filter>src\character</Filter>
    </ClInclude>
    <ClInclude Include="..\Classes\Inventory.h">
      <Filter>src\inventory</Filter>
    </ClInclude>
    <ClInclude Include="..\Classes\SkillManager.h">
      <Filter>src\skill</Filter>
    </ClInclude>
    <ClInclude Include="..\Classes\HudLayer.h">
      <Filter>src\HUD</Filter>
    </ClInclude>
    <ClInclude Include="..\Classes\Player.h">
      <Filter>src\character</Filter>
    </ClInclude>
    <ClInclude Include="..\Classes\InventoryManager.h">
      <Filter>src\inventory</Filter>
    </ClInclude>
    <ClInclude Include="..\Classes\Accessory.h">
      <Filter>src\inventory</Filter>
    </ClInclude>
    <ClInclude Include="..\Classes\Armor.h">
      <Filter>src\inventory</Filter>
    </ClInclude>
    <ClInclude Include="..\Classes\Supply.h">
      <Filter>src\inventory</Filter>
    </ClInclude>
    <ClInclude Include="..\Classes\MonsterManager.h">
      <Filter>src\character</Filter>
    </ClInclude>
    <ClInclude Include="..\Classes\MonsterModel.h">
      <Filter>src\character</Filter>
    </ClInclude>
    <ClInclude Include="..\Classes\ToolFunction.h">
      <Filter>src\tool</Filter>
    </ClInclude>
    <ClInclude Include="..\Classes\AStar.h">
      <Filter>src\tool</Filter>
    </ClInclude>
    <ClInclude Include="..\Classes\BattleSystem.h">
      <Filter>src</Filter>
    </ClInclude>
    <ClInclude Include="..\Classes\HudCursor.h">
      <Filter>src\HUD\menuSystem</Filter>
    </ClInclude>
    <ClInclude Include="..\Classes\HudMenuSystem.h">
      <Filter>src\HUD\menuSystem</Filter>
    </ClInclude>
    <ClInclude Include="..\Classes\AIBase.h">
      <Filter>src\character\AI</Filter>
    </ClInclude>
    <ClInclude Include="..\Classes\RoundSystem.h">
      <Filter>src</Filter>
    </ClInclude>
    <ClInclude Include="..\Classes\AICommonEnemy.h">
      <Filter>src\character\AI</Filter>
    </ClInclude>
    <ClInclude Include="..\Classes\MaskLayer.h">
      <Filter>src\mask</Filter>
    </ClInclude>
    <ClInclude Include="..\Classes\InventoryInHand.h">
      <Filter>src\inventory</Filter>
    </ClInclude>
    <ClInclude Include="..\Classes\Shield.h">
      <Filter>src\inventory</Filter>
    </ClInclude>
    <ClInclude Include="..\Classes\LightEdge.h">
      <Filter>src\mask</Filter>
    </ClInclude>
    <ClInclude Include="..\Classes\OneHandWeapon.h">
      <Filter>src\inventory\weapon</Filter>
    </ClInclude>
    <ClInclude Include="..\Classes\TwoHandWeapon.h">
      <Filter>src\inventory\weapon</Filter>
    </ClInclude>
    <ClInclude Include="..\Classes\Weapon.h">
      <Filter>src\inventory\weapon</Filter>
    </ClInclude>
    <ClInclude Include="..\Classes\WeaponAtkArea.h">
      <Filter>src\inventory\weapon</Filter>
    </ClInclude>
    <ClInclude Include="..\Classes\Dialogue.h">
      <Filter>src\dialogue</Filter>
    </ClInclude>
    <ClInclude Include="..\Classes\Sentence.h">
      <Filter>src\dialogue</Filter>
    </ClInclude>
    <ClInclude Include="..\Classes\Statement.h">
      <Filter>src\dialogue</Filter>
    </ClInclude>
    <ClInclude Include="..\Classes\Question.h">
      <Filter>src\dialogue</Filter>
    </ClInclude>
    <ClInclude Include="..\Classes\DialogueDriver.h">
      <Filter>src\dialogue</Filter>
    </ClInclude>
    <ClInclude Include="..\Classes\KeyController.h">
      <Filter>src</Filter>
    </ClInclude>
    <ClInclude Include="..\Classes\Marco.h">
      <Filter>src</Filter>
    </ClInclude>
    <ClInclude Include="..\Classes\DialogueManager.h">
      <Filter>src\dialogue</Filter>
    </ClInclude>
    <ClInclude Include="..\Classes\OptionCheckMenu.h">
      <Filter>src\dialogue</Filter>
    </ClInclude>
    <ClInclude Include="..\Classes\DialogueSystem.h">
      <Filter>src\dialogue</Filter>
    </ClInclude>
    <ClInclude Include="..\Classes\InventoryHandler.h">
      <Filter>src\inventory</Filter>
    </ClInclude>
    <ClInclude Include="..\Classes\HudMenu.h">
      <Filter>src\HUD\menuSystem\menu</Filter>
    </ClInclude>
    <ClInclude Include="..\Classes\HudInventoryMenu.h">
      <Filter>src\HUD\menuSystem\menu\inventoryMenu</Filter>
    </ClInclude>
    <ClInclude Include="..\Classes\HudMenuItem.h">
      <Filter>src\HUD\menuSystem\menuItem</Filter>
    </ClInclude>
    <ClInclude Include="..\Classes\HudTrigActChildMenu.h">
      <Filter>src\HUD\menuSystem\menuItem\trigger</Filter>
    </ClInclude>
    <ClInclude Include="..\Classes\XMLConfigure.h">
      <Filter>src</Filter>
    </ClInclude>
    <ClInclude Include="..\Classes\HudLayout.h">
      <Filter>src\HUD</Filter>
    </ClInclude>
    <ClInclude Include="..\Classes\HudEquipableInventoryMenu.h">
      <Filter>src\HUD\menuSystem\menu\inventoryMenu</Filter>
    </ClInclude>
    <ClInclude Include="..\Classes\HudEquipMenu.h">
      <Filter>src\HUD\menuSystem\menu\equipMenu</Filter>
    </ClInclude>
    <ClInclude Include="..\Classes\HudTrigger.h">
      <Filter>src\HUD\menuSystem\menuItem\trigger</Filter>
    </ClInclude>
    <ClInclude Include="..\Classes\HudMainMenu.h">
      <Filter>src\HUD\menuSystem\menu</Filter>
    </ClInclude>
    <ClInclude Include="..\Classes\HudTrigEquipLeft.h">
      <Filter>src\HUD\menuSystem\menuItem\trigger</Filter>
    </ClInclude>
    <ClInclude Include="..\Classes\HudTrigEquipRight.h">
      <Filter>src\HUD\menuSystem\menuItem\trigger</Filter>
    </ClInclude>
    <ClInclude Include="..\Classes\HudTrigUnequipLeft.h">
      <Filter>src\HUD\menuSystem\menuItem\trigger</Filter>
    </ClInclude>
    <ClInclude Include="..\Classes\HudPlayerStateMenu.h">
      <Filter>src\HUD</Filter>
    </ClInclude>
    <ClInclude Include="..\Classes\HudUnequipLeftMenu.h">
      <Filter>src\HUD\menuSystem\menu\equipMenu</Filter>
    </ClInclude>
    <ClInclude Include="..\Classes\HudTrigUnequipRight.h">
      <Filter>src\HUD\menuSystem\menuItem\trigger</Filter>
    </ClInclude>
    <ClInclude Include="..\Classes\HudUnequipRightMenu.h">
      <Filter>src\HUD\menuSystem\menu\equipMenu</Filter>
    </ClInclude>
    <ClInclude Include="..\Classes\MainLayer.h">
      <Filter>src</Filter>
    </ClInclude>
    <ClInclude Include="..\Classes\HudTrigDrop.h">
      <Filter>src\HUD\menuSystem\menuItem\trigger</Filter>
    </ClInclude>
    <ClInclude Include="..\Classes\StoreyInventoryHandler.h">
      <Filter>src\inventory</Filter>
    </ClInclude>
    <ClInclude Include="..\Classes\HudGroundMenu.h">
      <Filter>src\HUD\menuSystem\menu\groundMenu</Filter>
    </ClInclude>
    <ClInclude Include="..\Classes\HudGroundInventoryMenu.h" />
    <ClInclude Include="..\Classes\HudTrigPick.h" />
  </ItemGroup>
  <ItemGroup>
    <ResourceCompile Include="game.rc">
      <Filter>resource</Filter>
    </ResourceCompile>
  </ItemGroup>
  <ItemGroup>
    <None Include="ClassDiagram.cd" />
  </ItemGroup>
</Project>