<?xml version="1.0" encoding="utf-8"?>
<Project ToolsVersion="4.0" xmlns="http://schemas.microsoft.com/developer/msbuild/2003">
  <ItemGroup>
    <Filter Include="win32">
      <UniqueIdentifier>{84a8ebd7-7cf0-47f6-b75e-d441df67da40}</UniqueIdentifier>
    </Filter>
    <Filter Include="resource">
      <UniqueIdentifier>{715254bc-d70b-4ec5-bf29-467dd3ace079}</UniqueIdentifier>
    </Filter>
    <Filter Include="src">
      <UniqueIdentifier>{bb6c862e-70e9-49d9-81b7-3829a6f50471}</UniqueIdentifier>
    </Filter>
    <Filter Include="src\Field">
      <UniqueIdentifier>{6755a3e4-f3c0-4c73-a1af-75e3149d55d6}</UniqueIdentifier>
    </Filter>
    <Filter Include="src\skill">
      <UniqueIdentifier>{7ac80208-8d13-4572-84de-d279be4081bf}</UniqueIdentifier>
    </Filter>
    <Filter Include="src\character">
      <UniqueIdentifier>{03efe03f-75c4-4d3e-b82d-1999cda3c8b7}</UniqueIdentifier>
    </Filter>
    <Filter Include="src\inventory">
      <UniqueIdentifier>{1b2de235-6fe2-41ba-88a0-bf052f062ab5}</UniqueIdentifier>
    </Filter>
    <Filter Include="src\HUD">
      <UniqueIdentifier>{4dd4675b-99eb-45b3-a0d4-4c130fb78045}</UniqueIdentifier>
    </Filter>
    <Filter Include="src\HUD\InventoryMenu">
      <UniqueIdentifier>{0556006e-b6a6-4088-9fcf-bf9be224a3cb}</UniqueIdentifier>
    </Filter>
  </ItemGroup>
  <ItemGroup>
    <ClCompile Include="main.cpp">
      <Filter>win32</Filter>
    </ClCompile>
    <ClCompile Include="..\Classes\AppDelegate.cpp">
      <Filter>src</Filter>
    </ClCompile>
    <ClCompile Include="..\Classes\RandomNumber.cpp">
      <Filter>src</Filter>
    </ClCompile>
    <ClCompile Include="..\Classes\StoreyBuilder.cpp">
      <Filter>src\Field</Filter>
    </ClCompile>
    <ClCompile Include="..\Classes\Storey.cpp">
      <Filter>src\Field</Filter>
    </ClCompile>
    <ClCompile Include="..\Classes\Dungeon.cpp">
      <Filter>src\Field</Filter>
    </ClCompile>
    <ClCompile Include="..\Classes\Debug.cpp">
      <Filter>src</Filter>
    </ClCompile>
    <ClCompile Include="..\Classes\Skill.cpp">
      <Filter>src\skill</Filter>
    </ClCompile>
    <ClCompile Include="..\Classes\GameScene.cpp">
      <Filter>src</Filter>
    </ClCompile>
    <ClCompile Include="..\Classes\Attack.cpp">
      <Filter>src\skill</Filter>
    </ClCompile>
    <ClCompile Include="..\Classes\CharacterManager.cpp">
      <Filter>src\character</Filter>
    </ClCompile>
    <ClCompile Include="..\Classes\CharacterModel.cpp">
      <Filter>src\character</Filter>
    </ClCompile>
    <ClCompile Include="..\Classes\Character.cpp">
      <Filter>src\character</Filter>
    </ClCompile>
    <ClCompile Include="..\Classes\Inventory.cpp">
      <Filter>src\inventory</Filter>
    </ClCompile>
    <ClCompile Include="..\Classes\SkillManager.cpp">
      <Filter>src\skill</Filter>
    </ClCompile>
    <ClCompile Include="..\Classes\RoundCounter.cpp">
      <Filter>src</Filter>
    </ClCompile>
    <ClCompile Include="..\Classes\HudLayer.cpp">
      <Filter>src\HUD</Filter>
    </ClCompile>
    <ClCompile Include="..\Classes\HudSender.cpp">
      <Filter>src\HUD</Filter>
    </ClCompile>
    <ClCompile Include="..\Classes\Player.cpp">
      <Filter>src\character</Filter>
    </ClCompile>
    <ClCompile Include="..\Classes\InventoryMenu.cpp">
      <Filter>src\HUD\InventoryMenu</Filter>
    </ClCompile>
    <ClCompile Include="..\Classes\InventoryMenuItem.cpp">
      <Filter>src\HUD\InventoryMenu</Filter>
    </ClCompile>
    <ClCompile Include="..\Classes\Weapon.cpp">
      <Filter>src\inventory</Filter>
    </ClCompile>
    <ClCompile Include="..\Classes\InventoryManager.cpp">
      <Filter>src\inventory</Filter>
    </ClCompile>
    <ClCompile Include="..\Classes\InventoryModel.cpp">
      <Filter>src\inventory</Filter>
    </ClCompile>
    <ClCompile Include="..\Classes\Accessory.cpp">
      <Filter>src\inventory</Filter>
    </ClCompile>
    <ClCompile Include="..\Classes\Armor.cpp">
      <Filter>src\inventory</Filter>
    </ClCompile>
    <ClCompile Include="..\Classes\Supply.cpp">
      <Filter>src\inventory</Filter>
    </ClCompile>
    <ClCompile Include="..\Classes\MonsterManager.cpp">
      <Filter>src\character</Filter>
    </ClCompile>
    <ClCompile Include="..\Classes\MonsterModel.cpp">
      <Filter>src\character</Filter>
    </ClCompile>
    <ClCompile Include="..\Classes\ToolFunction.cpp">
      <Filter>src</Filter>
    </ClCompile>
  </ItemGroup>
  <ItemGroup>
    <ClInclude Include="main.h">
      <Filter>win32</Filter>
    </ClInclude>
    <ClInclude Include="..\Classes\AppDelegate.h">
      <Filter>src</Filter>
    </ClInclude>
    <ClInclude Include="..\Classes\Singleton.h">
      <Filter>src</Filter>
    </ClInclude>
    <ClInclude Include="..\Classes\RandomNumber.h">
      <Filter>src</Filter>
    </ClInclude>
    <ClInclude Include="..\Classes\StoreyBuilder.h">
      <Filter>src\Field</Filter>
    </ClInclude>
    <ClInclude Include="..\Classes\Storey.h">
      <Filter>src\Field</Filter>
    </ClInclude>
    <ClInclude Include="..\Classes\FieldEnum.h">
      <Filter>src\Field</Filter>
    </ClInclude>
    <ClInclude Include="..\Classes\Dungeon.h">
      <Filter>src\Field</Filter>
    </ClInclude>
    <ClInclude Include="..\Classes\Debug.h">
      <Filter>src</Filter>
    </ClInclude>
    <ClInclude Include="..\Classes\Skill.h">
      <Filter>src\skill</Filter>
    </ClInclude>
    <ClInclude Include="..\Classes\GameScene.h">
      <Filter>src</Filter>
    </ClInclude>
    <ClInclude Include="..\Classes\Attack.h">
      <Filter>src\skill</Filter>
    </ClInclude>
    <ClInclude Include="..\Classes\CharacterManager.h">
      <Filter>src\character</Filter>
    </ClInclude>
    <ClInclude Include="..\Classes\CharacterModel.h">
      <Filter>src\character</Filter>
    </ClInclude>
    <ClInclude Include="..\Classes\Character.h">
      <Filter>src\character</Filter>
    </ClInclude>
    <ClInclude Include="..\Classes\Inventory.h">
      <Filter>src\inventory</Filter>
    </ClInclude>
    <ClInclude Include="..\Classes\SkillManager.h">
      <Filter>src\skill</Filter>
    </ClInclude>
    <ClInclude Include="..\Classes\RoundCounter.h">
      <Filter>src</Filter>
    </ClInclude>
    <ClInclude Include="..\Classes\HudLayer.h">
      <Filter>src\HUD</Filter>
    </ClInclude>
    <ClInclude Include="..\Classes\HudSender.h">
      <Filter>src\HUD</Filter>
    </ClInclude>
    <ClInclude Include="..\Classes\Player.h">
      <Filter>src\character</Filter>
    </ClInclude>
    <ClInclude Include="..\Classes\InventoryMenu.h">
      <Filter>src\HUD\InventoryMenu</Filter>
    </ClInclude>
    <ClInclude Include="..\Classes\InventoryMenuItem.h">
      <Filter>src\HUD\InventoryMenu</Filter>
    </ClInclude>
    <ClInclude Include="..\Classes\Weapon.h">
      <Filter>src\inventory</Filter>
    </ClInclude>
    <ClInclude Include="..\Classes\InventoryManager.h">
      <Filter>src\inventory</Filter>
    </ClInclude>
    <ClInclude Include="..\Classes\InventoryModel.h">
      <Filter>src\inventory</Filter>
    </ClInclude>
    <ClInclude Include="..\Classes\Accessory.h">
      <Filter>src\inventory</Filter>
    </ClInclude>
    <ClInclude Include="..\Classes\Armor.h">
      <Filter>src\inventory</Filter>
    </ClInclude>
    <ClInclude Include="..\Classes\Supply.h">
      <Filter>src\inventory</Filter>
    </ClInclude>
    <ClInclude Include="..\Classes\MonsterManager.h">
      <Filter>src\character</Filter>
    </ClInclude>
    <ClInclude Include="..\Classes\MonsterModel.h">
      <Filter>src\character</Filter>
    </ClInclude>
    <ClInclude Include="..\Classes\ToolFunction.h">
      <Filter>src</Filter>
    </ClInclude>
  </ItemGroup>
  <ItemGroup>
    <ResourceCompile Include="game.rc">
      <Filter>resource</Filter>
    </ResourceCompile>
  </ItemGroup>
</Project>